
Microsoft Visual Studio Solution File, Format Version 12.00
# Visual Studio Version 16
VisualStudioVersion = 16.0.30204.135
MinimumVisualStudioVersion = 10.0.40219.1
Project("{FAE04EC0-301F-11D3-BF4B-00C04F79EFBC}") = "BlazorApp1", "BlazorApp1\BlazorApp1.csproj", "{DAB1184D-A052-466C-BB39-8622B78CFAFF}"
EndProject
Global
	GlobalSection(SolutionConfigurationPlatforms) = preSolution
		Debug|Any CPU = Debug|Any CPU
		Release|Any CPU = Release|Any CPU
	EndGlobalSection
	GlobalSection(ProjectConfigurationPlatforms) = postSolution
		{DAB1184D-A052-466C-BB39-8622B78CFAFF}.Debug|Any CPU.ActiveCfg = Debug|Any CPU
		{DAB1184D-A052-466C-BB39-8622B78CFAFF}.Debug|Any CPU.Build.0 = Debug|Any CPU
		{DAB1184D-A052-466C-BB39-8622B78CFAFF}.Release|Any CPU.ActiveCfg = Release|Any CPU
		{DAB1184D-A052-466C-BB39-8622B78CFAFF}.Release|Any CPU.Build.0 = Release|Any CPU
	EndGlobalSection
	GlobalSection(SolutionProperties) = preSolution
		HideSolutionNode = FALSE
	EndGlobalSection
	GlobalSection(ExtensibilityGlobals) = postSolution
		SolutionGuid = {ABA1ABAD-5583-4B30-A368-8E87DFB5CE25}
	EndGlobalSection
EndGlobal
